
Microsoft Visual Studio Solution File, Format Version 12.00
# Visual Studio Version 16
VisualStudioVersion = 16.0.31112.23
MinimumVisualStudioVersion = 10.0.40219.1
Project("{9A19103F-16F7-4668-BE54-9A1E7A4F7556}") = "VSApp.First", "VSApp.First\VSApp.First.csproj", "{78C0E1BE-FF12-4D1B-A833-02AD36E71F89}"
EndProject
Project("{9A19103F-16F7-4668-BE54-9A1E7A4F7556}") = "VSApp.ExoIntro", "VSApp.ExoIntro\VSApp.ExoIntro.csproj", "{52DD415B-8040-49E1-B79F-243ECD280C39}"
EndProject
Project("{FAE04EC0-301F-11D3-BF4B-00C04F79EFBC}") = "VSApp.Demos.Conditionnel", "VSApp.Demos.Conditionnel\VSApp.Demos.Conditionnel.csproj", "{3268B1F6-173B-4941-BB3F-D54353C2EE4B}"
EndProject
Project("{FAE04EC0-301F-11D3-BF4B-00C04F79EFBC}") = "VSApp.Demos.Operators", "VSApp.Demos.Operators\VSApp.Demos.Operators.csproj", "{E85F2D79-D56F-421E-A9C3-B46C1A1A815F}"
EndProject
Project("{FAE04EC0-301F-11D3-BF4B-00C04F79EFBC}") = "VSApp.Demos.Array", "VSApp.Demos.Array\VSApp.Demos.Array.csproj", "{109D3DB7-EA92-43E1-BADA-125544385248}"
EndProject
Project("{FAE04EC0-301F-11D3-BF4B-00C04F79EFBC}") = "VSApp.Demo.Collections", "VSApp.Demo.Collections\VSApp.Demo.Collections.csproj", "{68DB9091-EFF0-4EE6-98F1-FFAA0075B615}"
EndProject
Project("{FAE04EC0-301F-11D3-BF4B-00C04F79EFBC}") = "VSApp.Demo.Structs", "VSApp.Demo.Structs\VSApp.Demo.Structs.csproj", "{E81A3C78-0A2D-4519-9026-1965F7187F66}"
EndProject
Global
	GlobalSection(SolutionConfigurationPlatforms) = preSolution
		Debug|Any CPU = Debug|Any CPU
		Release|Any CPU = Release|Any CPU
	EndGlobalSection
	GlobalSection(ProjectConfigurationPlatforms) = postSolution
		{78C0E1BE-FF12-4D1B-A833-02AD36E71F89}.Debug|Any CPU.ActiveCfg = Debug|Any CPU
		{78C0E1BE-FF12-4D1B-A833-02AD36E71F89}.Debug|Any CPU.Build.0 = Debug|Any CPU
		{78C0E1BE-FF12-4D1B-A833-02AD36E71F89}.Release|Any CPU.ActiveCfg = Release|Any CPU
		{78C0E1BE-FF12-4D1B-A833-02AD36E71F89}.Release|Any CPU.Build.0 = Release|Any CPU
		{52DD415B-8040-49E1-B79F-243ECD280C39}.Debug|Any CPU.ActiveCfg = Debug|Any CPU
		{52DD415B-8040-49E1-B79F-243ECD280C39}.Debug|Any CPU.Build.0 = Debug|Any CPU
		{52DD415B-8040-49E1-B79F-243ECD280C39}.Release|Any CPU.ActiveCfg = Release|Any CPU
		{52DD415B-8040-49E1-B79F-243ECD280C39}.Release|Any CPU.Build.0 = Release|Any CPU
		{3268B1F6-173B-4941-BB3F-D54353C2EE4B}.Debug|Any CPU.ActiveCfg = Debug|Any CPU
		{3268B1F6-173B-4941-BB3F-D54353C2EE4B}.Debug|Any CPU.Build.0 = Debug|Any CPU
		{3268B1F6-173B-4941-BB3F-D54353C2EE4B}.Release|Any CPU.ActiveCfg = Release|Any CPU
		{3268B1F6-173B-4941-BB3F-D54353C2EE4B}.Release|Any CPU.Build.0 = Release|Any CPU
		{E85F2D79-D56F-421E-A9C3-B46C1A1A815F}.Debug|Any CPU.ActiveCfg = Debug|Any CPU
		{E85F2D79-D56F-421E-A9C3-B46C1A1A815F}.Debug|Any CPU.Build.0 = Debug|Any CPU
		{E85F2D79-D56F-421E-A9C3-B46C1A1A815F}.Release|Any CPU.ActiveCfg = Release|Any CPU
		{E85F2D79-D56F-421E-A9C3-B46C1A1A815F}.Release|Any CPU.Build.0 = Release|Any CPU
		{109D3DB7-EA92-43E1-BADA-125544385248}.Debug|Any CPU.ActiveCfg = Debug|Any CPU
		{109D3DB7-EA92-43E1-BADA-125544385248}.Debug|Any CPU.Build.0 = Debug|Any CPU
		{109D3DB7-EA92-43E1-BADA-125544385248}.Release|Any CPU.ActiveCfg = Release|Any CPU
		{109D3DB7-EA92-43E1-BADA-125544385248}.Release|Any CPU.Build.0 = Release|Any CPU
		{68DB9091-EFF0-4EE6-98F1-FFAA0075B615}.Debug|Any CPU.ActiveCfg = Debug|Any CPU
		{68DB9091-EFF0-4EE6-98F1-FFAA0075B615}.Debug|Any CPU.Build.0 = Debug|Any CPU
		{68DB9091-EFF0-4EE6-98F1-FFAA0075B615}.Release|Any CPU.ActiveCfg = Release|Any CPU
		{68DB9091-EFF0-4EE6-98F1-FFAA0075B615}.Release|Any CPU.Build.0 = Release|Any CPU
		{E81A3C78-0A2D-4519-9026-1965F7187F66}.Debug|Any CPU.ActiveCfg = Debug|Any CPU
		{E81A3C78-0A2D-4519-9026-1965F7187F66}.Debug|Any CPU.Build.0 = Debug|Any CPU
		{E81A3C78-0A2D-4519-9026-1965F7187F66}.Release|Any CPU.ActiveCfg = Release|Any CPU
		{E81A3C78-0A2D-4519-9026-1965F7187F66}.Release|Any CPU.Build.0 = Release|Any CPU
	EndGlobalSection
	GlobalSection(SolutionProperties) = preSolution
		HideSolutionNode = FALSE
	EndGlobalSection
	GlobalSection(ExtensibilityGlobals) = postSolution
		SolutionGuid = {A466189D-B3F4-403D-BEBA-E572877EE30A}
	EndGlobalSection
EndGlobal
